
Microsoft Visual Studio Solution File, Format Version 12.00
# Visual Studio Version 17
VisualStudioVersion = 17.9.34616.47
MinimumVisualStudioVersion = 10.0.40219.1
Project("{9A19103F-16F7-4668-BE54-9A1E7A4F7556}") = "PractieWork3", "LabWork3\PractieWork3.csproj", "{211EF73C-7645-4EBA-96E8-267DAA6A3507}"
EndProject
Global
	GlobalSection(SolutionConfigurationPlatforms) = preSolution
		Debug|Any CPU = Debug|Any CPU
		Release|Any CPU = Release|Any CPU
	EndGlobalSection
	GlobalSection(ProjectConfigurationPlatforms) = postSolution
		{211EF73C-7645-4EBA-96E8-267DAA6A3507}.Debug|Any CPU.ActiveCfg = Debug|Any CPU
		{211EF73C-7645-4EBA-96E8-267DAA6A3507}.Debug|Any CPU.Build.0 = Debug|Any CPU
		{211EF73C-7645-4EBA-96E8-267DAA6A3507}.Release|Any CPU.ActiveCfg = Release|Any CPU
		{211EF73C-7645-4EBA-96E8-267DAA6A3507}.Release|Any CPU.Build.0 = Release|Any CPU
	EndGlobalSection
	GlobalSection(SolutionProperties) = preSolution
		HideSolutionNode = FALSE
	EndGlobalSection
	GlobalSection(ExtensibilityGlobals) = postSolution
		SolutionGuid = {EDBAB573-5348-4394-94D9-DEDC25BB7406}
	EndGlobalSection
EndGlobal
